
Microsoft Visual Studio Solution File, Format Version 12.00
# Visual Studio Version 16
VisualStudioVersion = 16.0.33130.400
MinimumVisualStudioVersion = 10.0.40219.1
Project("{FAE04EC0-301F-11D3-BF4B-00C04F79EFBC}") = "MusicApp4552", "MusicApp4552\MusicApp4552.csproj", "{0E9A3658-96B3-4FE7-A9ED-2986086EEDA0}"
EndProject
Global
	GlobalSection(SolutionConfigurationPlatforms) = preSolution
		Debug|Any CPU = Debug|Any CPU
		Release|Any CPU = Release|Any CPU
	EndGlobalSection
	GlobalSection(ProjectConfigurationPlatforms) = postSolution
		{0E9A3658-96B3-4FE7-A9ED-2986086EEDA0}.Debug|Any CPU.ActiveCfg = Debug|Any CPU
		{0E9A3658-96B3-4FE7-A9ED-2986086EEDA0}.Debug|Any CPU.Build.0 = Debug|Any CPU
		{0E9A3658-96B3-4FE7-A9ED-2986086EEDA0}.Release|Any CPU.ActiveCfg = Release|Any CPU
		{0E9A3658-96B3-4FE7-A9ED-2986086EEDA0}.Release|Any CPU.Build.0 = Release|Any CPU
	EndGlobalSection
	GlobalSection(SolutionProperties) = preSolution
		HideSolutionNode = FALSE
	EndGlobalSection
	GlobalSection(ExtensibilityGlobals) = postSolution
		SolutionGuid = {5EA4239A-462A-482C-9477-51F25A70ECEF}
	EndGlobalSection
EndGlobal
